// !$*UTF8*$!
{
	archiveVersion = 1;
	classes = {
	};
	objectVersion = 46;
	objects = {

/* Begin PBXBuildFile section */
		58C19A611DAEE74300E3C3B9 /* main.m in Sources */ = {isa = PBXBuildFile; fileRef = 58C19A601DAEE74300E3C3B9 /* main.m */; };
		58C19A641DAEE74300E3C3B9 /* AppDelegate.m in Sources */ = {isa = PBXBuildFile; fileRef = 58C19A631DAEE74300E3C3B9 /* AppDelegate.m */; };
		58C19A671DAEE74400E3C3B9 /* ViewController.m in Sources */ = {isa = PBXBuildFile; fileRef = 58C19A661DAEE74300E3C3B9 /* ViewController.m */; };
		58C19A6A1DAEE74400E3C3B9 /* Main.storyboard in Resources */ = {isa = PBXBuildFile; fileRef = 58C19A681DAEE74400E3C3B9 /* Main.storyboard */; };
		58C19A6D1DAEE74400E3C3B9 /* testButton.xcdatamodeld in Sources */ = {isa = PBXBuildFile; fileRef = 58C19A6B1DAEE74400E3C3B9 /* testButton.xcdatamodeld */; };
		58C19A6F1DAEE74400E3C3B9 /* Assets.xcassets in Resources */ = {isa = PBXBuildFile; fileRef = 58C19A6E1DAEE74400E3C3B9 /* Assets.xcassets */; };
		58C19A721DAEE74400E3C3B9 /* LaunchScreen.storyboard in Resources */ = {isa = PBXBuildFile; fileRef = 58C19A701DAEE74400E3C3B9 /* LaunchScreen.storyboard */; };
		58C19A7D1DAEE74400E3C3B9 /* testButtonTests.m in Sources */ = {isa = PBXBuildFile; fileRef = 58C19A7C1DAEE74400E3C3B9 /* testButtonTests.m */; };
		58C19A881DAEE74400E3C3B9 /* testButtonUITests.m in Sources */ = {isa = PBXBuildFile; fileRef = 58C19A871DAEE74400E3C3B9 /* testButtonUITests.m */; };
/* End PBXBuildFile section */

/* Begin PBXContainerItemProxy section */
		58C19A791DAEE74400E3C3B9 /* PBXContainerItemProxy */ = {
			isa = PBXContainerItemProxy;
			containerPortal = 58C19A541DAEE74300E3C3B9 /* Project object */;
			proxyType = 1;
			remoteGlobalIDString = 58C19A5B1DAEE74300E3C3B9;
			remoteInfo = testButton;
		};
		58C19A841DAEE74400E3C3B9 /* PBXContainerItemProxy */ = {
			isa = PBXContainerItemProxy;
			containerPortal = 58C19A541DAEE74300E3C3B9 /* Project object */;
			proxyType = 1;
			remoteGlobalIDString = 58C19A5B1DAEE74300E3C3B9;
			remoteInfo = testButton;
		};
/* End PBXContainerItemProxy section */

/* Begin PBXFileReference section */
		58C19A5C1DAEE74300E3C3B9 /* testButton.app */ = {isa = PBXFileReference; explicitFileType = wrapper.application; includeInIndex = 0; path = testButton.app; sourceTree = BUILT_PRODUCTS_DIR; };
		58C19A601DAEE74300E3C3B9 /* main.m */ = {isa = PBXFileReference; lastKnownFileType = sourcecode.c.objc; path = main.m; sourceTree = "<group>"; };
		58C19A621DAEE74300E3C3B9 /* AppDelegate.h */ = {isa = PBXFileReference; lastKnownFileType = sourcecode.c.h; path = AppDelegate.h; sourceTree = "<group>"; };
		58C19A631DAEE74300E3C3B9 /* AppDelegate.m */ = {isa = PBXFileReference; lastKnownFileType = sourcecode.c.objc; path = AppDelegate.m; sourceTree = "<group>"; };
		58C19A651DAEE74300E3C3B9 /* ViewController.h */ = {isa = PBXFileReference; lastKnownFileType = sourcecode.c.h; path = ViewController.h; sourceTree = "<group>"; };
		58C19A661DAEE74300E3C3B9 /* ViewController.m */ = {isa = PBXFileReference; lastKnownFileType = sourcecode.c.objc; path = ViewController.m; sourceTree = "<group>"; };
		58C19A691DAEE74400E3C3B9 /* Base */ = {isa = PBXFileReference; lastKnownFileType = file.storyboard; name = Base; path = Base.lproj/Main.storyboard; sourceTree = "<group>"; };
		58C19A6C1DAEE74400E3C3B9 /* testButton.xcdatamodel */ = {isa = PBXFileReference; lastKnownFileType = wrapper.xcdatamodel; path = testButton.xcdatamodel; sourceTree = "<group>"; };
		58C19A6E1DAEE74400E3C3B9 /* Assets.xcassets */ = {isa = PBXFileReference; lastKnownFileType = folder.assetcatalog; path = Assets.xcassets; sourceTree = "<group>"; };
		58C19A711DAEE74400E3C3B9 /* Base */ = {isa = PBXFileReference; lastKnownFileType = file.storyboard; name = Base; path = Base.lproj/LaunchScreen.storyboard; sourceTree = "<group>"; };
		58C19A731DAEE74400E3C3B9 /* Info.plist */ = {isa = PBXFileReference; lastKnownFileType = text.plist.xml; path = Info.plist; sourceTree = "<group>"; };
		58C19A781DAEE74400E3C3B9 /* testButtonTests.xctest */ = {isa = PBXFileReference; explicitFileType = wrapper.cfbundle; includeInIndex = 0; path = testButtonTests.xctest; sourceTree = BUILT_PRODUCTS_DIR; };
		58C19A7C1DAEE74400E3C3B9 /* testButtonTests.m */ = {isa = PBXFileReference; lastKnownFileType = sourcecode.c.objc; path = testButtonTests.m; sourceTree = "<group>"; };
		58C19A7E1DAEE74400E3C3B9 /* Info.plist */ = {isa = PBXFileReference; lastKnownFileType = text.plist.xml; path = Info.plist; sourceTree = "<group>"; };
		58C19A831DAEE74400E3C3B9 /* testButtonUITests.xctest */ = {isa = PBXFileReference; explicitFileType = wrapper.cfbundle; includeInIndex = 0; path = testButtonUITests.xctest; sourceTree = BUILT_PRODUCTS_DIR; };
		58C19A871DAEE74400E3C3B9 /* testButtonUITests.m */ = {isa = PBXFileReference; lastKnownFileType = sourcecode.c.objc; path = testButtonUITests.m; sourceTree = "<group>"; };
		58C19A891DAEE74400E3C3B9 /* Info.plist */ = {isa = PBXFileReference; lastKnownFileType = text.plist.xml; path = Info.plist; sourceTree = "<group>"; };
/* End PBXFileReference section */

/* Begin PBXFrameworksBuildPhase section */
		58C19A591DAEE74300E3C3B9 /* Frameworks */ = {
			isa = PBXFrameworksBuildPhase;
			buildActionMask = 2147483647;
			files = (
			);
			runOnlyForDeploymentPostprocessing = 0;
		};
		58C19A751DAEE74400E3C3B9 /* Frameworks */ = {
			isa = PBXFrameworksBuildPhase;
			buildActionMask = 2147483647;
			files = (
			);
			runOnlyForDeploymentPostprocessing = 0;
		};
		58C19A801DAEE74400E3C3B9 /* Frameworks */ = {
			isa = PBXFrameworksBuildPhase;
			buildActionMask = 2147483647;
			files = (
			);
			runOnlyForDeploymentPostprocessing = 0;
		};
/* End PBXFrameworksBuildPhase section */

/* Begin PBXGroup section */
		58C19A531DAEE74300E3C3B9 = {
			isa = PBXGroup;
			children = (
				58C19A5E1DAEE74300E3C3B9 /* testButton */,
				58C19A7B1DAEE74400E3C3B9 /* testButtonTests */,
				58C19A861DAEE74400E3C3B9 /* testButtonUITests */,
				58C19A5D1DAEE74300E3C3B9 /* Products */,
			);
			sourceTree = "<group>";
		};
		58C19A5D1DAEE74300E3C3B9 /* Products */ = {
			isa = PBXGroup;
			children = (
				58C19A5C1DAEE74300E3C3B9 /* testButton.app */,
				58C19A781DAEE74400E3C3B9 /* testButtonTests.xctest */,
				58C19A831DAEE74400E3C3B9 /* testButtonUITests.xctest */,
			);
			name = Products;
			sourceTree = "<group>";
		};
		58C19A5E1DAEE74300E3C3B9 /* testButton */ = {
			isa = PBXGroup;
			children = (
				58C19A621DAEE74300E3C3B9 /* AppDelegate.h */,
				58C19A631DAEE74300E3C3B9 /* AppDelegate.m */,
				58C19A651DAEE74300E3C3B9 /* ViewController.h */,
				58C19A661DAEE74300E3C3B9 /* ViewController.m */,
				58C19A681DAEE74400E3C3B9 /* Main.storyboard */,
				58C19A6E1DAEE74400E3C3B9 /* Assets.xcassets */,
				58C19A701DAEE74400E3C3B9 /* LaunchScreen.storyboard */,
				58C19A731DAEE74400E3C3B9 /* Info.plist */,
				58C19A6B1DAEE74400E3C3B9 /* testButton.xcdatamodeld */,
				58C19A5F1DAEE74300E3C3B9 /* Supporting Files */,
			);
			path = testButton;
			sourceTree = "<group>";
		};
		58C19A5F1DAEE74300E3C3B9 /* Supporting Files */ = {
			isa = PBXGroup;
			children = (
				58C19A601DAEE74300E3C3B9 /* main.m */,
			);
			name = "Supporting Files";
			sourceTree = "<group>";
		};
		58C19A7B1DAEE74400E3C3B9 /* testButtonTests */ = {
			isa = PBXGroup;
			children = (
				58C19A7C1DAEE74400E3C3B9 /* testButtonTests.m */,
				58C19A7E1DAEE74400E3C3B9 /* Info.plist */,
			);
			path = testButtonTests;
			sourceTree = "<group>";
		};
		58C19A861DAEE74400E3C3B9 /* testButtonUITests */ = {
			isa = PBXGroup;
			children = (
				58C19A871DAEE74400E3C3B9 /* testButtonUITests.m */,
				58C19A891DAEE74400E3C3B9 /* Info.plist */,
			);
			path = testButtonUITests;
			sourceTree = "<group>";
		};
/* End PBXGroup section */

/* Begin PBXNativeTarget section */
		58C19A5B1DAEE74300E3C3B9 /* testButton */ = {
			isa = PBXNativeTarget;
			buildConfigurationList = 58C19A8C1DAEE74400E3C3B9 /* Build configuration list for PBXNativeTarget "testButton" */;
			buildPhases = (
				58C19A581DAEE74300E3C3B9 /* Sources */,
				58C19A591DAEE74300E3C3B9 /* Frameworks */,
				58C19A5A1DAEE74300E3C3B9 /* Resources */,
			);
			buildRules = (
			);
			dependencies = (
			);
			name = testButton;
			productName = testButton;
			productReference = 58C19A5C1DAEE74300E3C3B9 /* testButton.app */;
			productType = "com.apple.product-type.application";
		};
		58C19A771DAEE74400E3C3B9 /* testButtonTests */ = {
			isa = PBXNativeTarget;
			buildConfigurationList = 58C19A8F1DAEE74400E3C3B9 /* Build configuration list for PBXNativeTarget "testButtonTests" */;
			buildPhases = (
				58C19A741DAEE74400E3C3B9 /* Sources */,
				58C19A751DAEE74400E3C3B9 /* Frameworks */,
				58C19A761DAEE74400E3C3B9 /* Resources */,
			);
			buildRules = (
			);
			dependencies = (
				58C19A7A1DAEE74400E3C3B9 /* PBXTargetDependency */,
			);
			name = testButtonTests;
			productName = testButtonTests;
			productReference = 58C19A781DAEE74400E3C3B9 /* testButtonTests.xctest */;
			productType = "com.apple.product-type.bundle.unit-test";
		};
		58C19A821DAEE74400E3C3B9 /* testButtonUITests */ = {
			isa = PBXNativeTarget;
			buildConfigurationList = 58C19A921DAEE74400E3C3B9 /* Build configuration list for PBXNativeTarget "testButtonUITests" */;
			buildPhases = (
				58C19A7F1DAEE74400E3C3B9 /* Sources */,
				58C19A801DAEE74400E3C3B9 /* Frameworks */,
				58C19A811DAEE74400E3C3B9 /* Resources */,
			);
			buildRules = (
			);
			dependencies = (
				58C19A851DAEE74400E3C3B9 /* PBXTargetDependency */,
			);
			name = testButtonUITests;
			productName = testButtonUITests;
			productReference = 58C19A831DAEE74400E3C3B9 /* testButtonUITests.xctest */;
			productType = "com.apple.product-type.bundle.ui-testing";
		};
/* End PBXNativeTarget section */

/* Begin PBXProject section */
		58C19A541DAEE74300E3C3B9 /* Project object */ = {
			isa = PBXProject;
			attributes = {
				LastUpgradeCheck = 0800;
				ORGANIZATIONNAME = "mario ramirez";
				TargetAttributes = {
					58C19A5B1DAEE74300E3C3B9 = {
						CreatedOnToolsVersion = 8.0;
						DevelopmentTeam = 45T38C498Z;
						ProvisioningStyle = Automatic;
					};
					58C19A771DAEE74400E3C3B9 = {
						CreatedOnToolsVersion = 8.0;
						DevelopmentTeam = 45T38C498Z;
						ProvisioningStyle = Automatic;
						TestTargetID = 58C19A5B1DAEE74300E3C3B9;
					};
					58C19A821DAEE74400E3C3B9 = {
						CreatedOnToolsVersion = 8.0;
						DevelopmentTeam = 45T38C498Z;
						ProvisioningStyle = Automatic;
						TestTargetID = 58C19A5B1DAEE74300E3C3B9;
					};
				};
			};
			buildConfigurationList = 58C19A571DAEE74300E3C3B9 /* Build configuration list for PBXProject "testButton" */;
			compatibilityVersion = "Xcode 3.2";
			developmentRegion = English;
			hasScannedForEncodings = 0;
			knownRegions = (
				en,
				Base,
			);
			mainGroup = 58C19A531DAEE74300E3C3B9;
			productRefGroup = 58C19A5D1DAEE74300E3C3B9 /* Products */;
			projectDirPath = "";
			projectRoot = "";
			targets = (
				58C19A5B1DAEE74300E3C3B9 /* testButton */,
				58C19A771DAEE74400E3C3B9 /* testButtonTests */,
				58C19A821DAEE74400E3C3B9 /* testButtonUITests */,
			);
		};
/* End PBXProject section */

/* Begin PBXResourcesBuildPhase section */
		58C19A5A1DAEE74300E3C3B9 /* Resources */ = {
			isa = PBXResourcesBuildPhase;
			buildActionMask = 2147483647;
			files = (
				58C19A721DAEE74400E3C3B9 /* LaunchScreen.storyboard in Resources */,
				58C19A6F1DAEE74400E3C3B9 /* Assets.xcassets in Resources */,
				58C19A6A1DAEE74400E3C3B9 /* Main.storyboard in Resources */,
			);
			runOnlyForDeploymentPostprocessing = 0;
		};
		58C19A761DAEE74400E3C3B9 /* Resources */ = {
			isa = PBXResourcesBuildPhase;
			buildActionMask = 2147483647;
			files = (
			);
			runOnlyForDeploymentPostprocessing = 0;
		};
		58C19A811DAEE74400E3C3B9 /* Resources */ = {
			isa = PBXResourcesBuildPhase;
			buildActionMask = 2147483647;
			files = (
			);
			runOnlyForDeploymentPostprocessing = 0;
		};
/* End PBXResourcesBuildPhase section */

/* Begin PBXSourcesBuildPhase section */
		58C19A581DAEE74300E3C3B9 /* Sources */ = {
			isa = PBXSourcesBuildPhase;
			buildActionMask = 2147483647;
			files = (
				58C19A671DAEE74400E3C3B9 /* ViewController.m in Sources */,
				58C19A641DAEE74300E3C3B9 /* AppDelegate.m in Sources */,
				58C19A611DAEE74300E3C3B9 /* main.m in Sources */,
				58C19A6D1DAEE74400E3C3B9 /* testButton.xcdatamodeld in Sources */,
			);
			runOnlyForDeploymentPostprocessing = 0;
		};
		58C19A741DAEE74400E3C3B9 /* Sources */ = {
			isa = PBXSourcesBuildPhase;
			buildActionMask = 2147483647;
			files = (
				58C19A7D1DAEE74400E3C3B9 /* testButtonTests.m in Sources */,
			);
			runOnlyForDeploymentPostprocessing = 0;
		};
		58C19A7F1DAEE74400E3C3B9 /* Sources */ = {
			isa = PBXSourcesBuildPhase;
			buildActionMask = 2147483647;
			files = (
				58C19A881DAEE74400E3C3B9 /* testButtonUITests.m in Sources */,
			);
			runOnlyForDeploymentPostprocessing = 0;
		};
/* End PBXSourcesBuildPhase section */

/* Begin PBXTargetDependency section */
		58C19A7A1DAEE74400E3C3B9 /* PBXTargetDependency */ = {
			isa = PBXTargetDependency;
			target = 58C19A5B1DAEE74300E3C3B9 /* testButton */;
			targetProxy = 58C19A791DAEE74400E3C3B9 /* PBXContainerItemProxy */;
		};
		58C19A851DAEE74400E3C3B9 /* PBXTargetDependency */ = {
			isa = PBXTargetDependency;
			target = 58C19A5B1DAEE74300E3C3B9 /* testButton */;
			targetProxy = 58C19A841DAEE74400E3C3B9 /* PBXContainerItemProxy */;
		};
/* End PBXTargetDependency section */

/* Begin PBXVariantGroup section */
		58C19A681DAEE74400E3C3B9 /* Main.storyboard */ = {
			isa = PBXVariantGroup;
			children = (
				58C19A691DAEE74400E3C3B9 /* Base */,
			);
			name = Main.storyboard;
			sourceTree = "<group>";
		};
		58C19A701DAEE74400E3C3B9 /* LaunchScreen.storyboard */ = {
			isa = PBXVariantGroup;
			children = (
				58C19A711DAEE74400E3C3B9 /* Base */,
			);
			name = LaunchScreen.storyboard;
			sourceTree = "<group>";
		};
/* End PBXVariantGroup section */

/* Begin XCBuildConfiguration section */
		58C19A8A1DAEE74400E3C3B9 /* Debug */ = {
			isa = XCBuildConfiguration;
			buildSettings = {
				ALWAYS_SEARCH_USER_PATHS = NO;
				CLANG_ANALYZER_NONNULL = YES;
				CLANG_CXX_LANGUAGE_STANDARD = "gnu++0x";
				CLANG_CXX_LIBRARY = "libc++";
				CLANG_ENABLE_MODULES = YES;
				CLANG_ENABLE_OBJC_ARC = YES;
				CLANG_WARN_BOOL_CONVERSION = YES;
				CLANG_WARN_CONSTANT_CONVERSION = YES;
				CLANG_WARN_DIRECT_OBJC_ISA_USAGE = YES_ERROR;
				CLANG_WARN_DOCUMENTATION_COMMENTS = YES;
				CLANG_WARN_EMPTY_BODY = YES;
				CLANG_WARN_ENUM_CONVERSION = YES;
				CLANG_WARN_INFINITE_RECURSION = YES;
				CLANG_WARN_INT_CONVERSION = YES;
				CLANG_WARN_OBJC_ROOT_CLASS = YES_ERROR;
				CLANG_WARN_SUSPICIOUS_MOVES = YES;
				CLANG_WARN_UNREACHABLE_CODE = YES;
				CLANG_WARN__DUPLICATE_METHOD_MATCH = YES;
				"CODE_SIGN_IDENTITY[sdk=iphoneos*]" = "iPhone Developer";
				COPY_PHASE_STRIP = NO;
				DEBUG_INFORMATION_FORMAT = dwarf;
				ENABLE_STRICT_OBJC_MSGSEND = YES;
				ENABLE_TESTABILITY = YES;
				GCC_C_LANGUAGE_STANDARD = gnu99;
				GCC_DYNAMIC_NO_PIC = NO;
				GCC_NO_COMMON_BLOCKS = YES;
				GCC_OPTIMIZATION_LEVEL = 0;
				GCC_PREPROCESSOR_DEFINITIONS = (
					"DEBUG=1",
					"$(inherited)",
				);
				GCC_WARN_64_TO_32_BIT_CONVERSION = YES;
				GCC_WARN_ABOUT_RETURN_TYPE = YES_ERROR;
				GCC_WARN_UNDECLARED_SELECTOR = YES;
				GCC_WARN_UNINITIALIZED_AUTOS = YES_AGGRESSIVE;
				GCC_WARN_UNUSED_FUNCTION = YES;
				GCC_WARN_UNUSED_VARIABLE = YES;
				IPHONEOS_DEPLOYMENT_TARGET = 10.0;
				MTL_ENABLE_DEBUG_INFO = YES;
				ONLY_ACTIVE_ARCH = YES;
				SDKROOT = iphoneos;
				TARGETED_DEVICE_FAMILY = "1,2";
			};
			name = Debug;
		};
		58C19A8B1DAEE74400E3C3B9 /* Release */ = {
			isa = XCBuildConfiguration;
			buildSettings = {
				ALWAYS_SEARCH_USER_PATHS = NO;
				CLANG_ANALYZER_NONNULL = YES;
				CLANG_CXX_LANGUAGE_STANDARD = "gnu++0x";
				CLANG_CXX_LIBRARY = "libc++";
				CLANG_ENABLE_MODULES = YES;
				CLANG_ENABLE_OBJC_ARC = YES;
				CLANG_WARN_BOOL_CONVERSION = YES;
				CLANG_WARN_CONSTANT_CONVERSION = YES;
				CLANG_WARN_DIRECT_OBJC_ISA_USAGE = YES_ERROR;
				CLANG_WARN_DOCUMENTATION_COMMENTS = YES;
				CLANG_WARN_EMPTY_BODY = YES;
				CLANG_WARN_ENUM_CONVERSION = YES;
				CLANG_WARN_INFINITE_RECURSION = YES;
				CLANG_WARN_INT_CONVERSION = YES;
				CLANG_WARN_OBJC_ROOT_CLASS = YES_ERROR;
				CLANG_WARN_SUSPICIOUS_MOVES = YES;
				CLANG_WARN_UNREACHABLE_CODE = YES;
				CLANG_WARN__DUPLICATE_METHOD_MATCH = YES;
				"CODE_SIGN_IDENTITY[sdk=iphoneos*]" = "iPhone Developer";
				COPY_PHASE_STRIP = NO;
				DEBUG_INFORMATION_FORMAT = "dwarf-with-dsym";
				ENABLE_NS_ASSERTIONS = NO;
				ENABLE_STRICT_OBJC_MSGSEND = YES;
				GCC_C_LANGUAGE_STANDARD = gnu99;
				GCC_NO_COMMON_BLOCKS = YES;
				GCC_WARN_64_TO_32_BIT_CONVERSION = YES;
				GCC_WARN_ABOUT_RETURN_TYPE = YES_ERROR;
				GCC_WARN_UNDECLARED_SELECTOR = YES;
				GCC_WARN_UNINITIALIZED_AUTOS = YES_AGGRESSIVE;
				GCC_WARN_UNUSED_FUNCTION = YES;
				GCC_WARN_UNUSED_VARIABLE = YES;
				IPHONEOS_DEPLOYMENT_TARGET = 10.0;
				MTL_ENABLE_DEBUG_INFO = NO;
				SDKROOT = iphoneos;
				TARGETED_DEVICE_FAMILY = "1,2";
				VALIDATE_PRODUCT = YES;
			};
			name = Release;
		};
		58C19A8D1DAEE74400E3C3B9 /* Debug */ = {
			isa = XCBuildConfiguration;
			buildSettings = {
				ASSETCATALOG_COMPILER_APPICON_NAME = AppIcon;
				DEVELOPMENT_TEAM = 45T38C498Z;
				INFOPLIST_FILE = testButton/Info.plist;
				LD_RUNPATH_SEARCH_PATHS = "$(inherited) @executable_path/Frameworks";
				PRODUCT_BUNDLE_IDENTIFIER = net.banregiolabs.testButton;
				PRODUCT_NAME = "$(TARGET_NAME)";
			};
			name = Debug;
		};
		58C19A8E1DAEE74400E3C3B9 /* Release */ = {
			isa = XCBuildConfiguration;
			buildSettings = {
				ASSETCATALOG_COMPILER_APPICON_NAME = AppIcon;
				DEVELOPMENT_TEAM = 45T38C498Z;
				INFOPLIST_FILE = testButton/Info.plist;
				LD_RUNPATH_SEARCH_PATHS = "$(inherited) @executable_path/Frameworks";
				PRODUCT_BUNDLE_IDENTIFIER = net.banregiolabs.testButton;
				PRODUCT_NAME = "$(TARGET_NAME)";
			};
			name = Release;
		};
		58C19A901DAEE74400E3C3B9 /* Debug */ = {
			isa = XCBuildConfiguration;
			buildSettings = {
				BUNDLE_LOADER = "$(TEST_HOST)";
				DEVELOPMENT_TEAM = 45T38C498Z;
				INFOPLIST_FILE = testButtonTests/Info.plist;
				LD_RUNPATH_SEARCH_PATHS = "$(inherited) @executable_path/Frameworks @loader_path/Frameworks";
				PRODUCT_BUNDLE_IDENTIFIER = net.banregiolabs.testButtonTests;
				PRODUCT_NAME = "$(TARGET_NAME)";
				TEST_HOST = "$(BUILT_PRODUCTS_DIR)/testButton.app/testButton";
			};
			name = Debug;
		};
		58C19A911DAEE74400E3C3B9 /* Release */ = {
			isa = XCBuildConfiguration;
			buildSettings = {
				BUNDLE_LOADER = "$(TEST_HOST)";
				DEVELOPMENT_TEAM = 45T38C498Z;
				INFOPLIST_FILE = testButtonTests/Info.plist;
				LD_RUNPATH_SEARCH_PATHS = "$(inherited) @executable_path/Frameworks @loader_path/Frameworks";
				PRODUCT_BUNDLE_IDENTIFIER = net.banregiolabs.testButtonTests;
				PRODUCT_NAME = "$(TARGET_NAME)";
				TEST_HOST = "$(BUILT_PRODUCTS_DIR)/testButton.app/testButton";
			};
			name = Release;
		};
		58C19A931DAEE74400E3C3B9 /* Debug */ = {
			isa = XCBuildConfiguration;
			buildSettings = {
				DEVELOPMENT_TEAM = 45T38C498Z;
				INFOPLIST_FILE = testButtonUITests/Info.plist;
				LD_RUNPATH_SEARCH_PATHS = "$(inherited) @executable_path/Frameworks @loader_path/Frameworks";
				PRODUCT_BUNDLE_IDENTIFIER = net.banregiolabs.testButtonUITests;
				PRODUCT_NAME = "$(TARGET_NAME)";
				TEST_TARGET_NAME = testButton;
			};
			name = Debug;
		};
		58C19A941DAEE74400E3C3B9 /* Release */ = {
			isa = XCBuildConfiguration;
			buildSettings = {
				DEVELOPMENT_TEAM = 45T38C498Z;
				INFOPLIST_FILE = testButtonUITests/Info.plist;
				LD_RUNPATH_SEARCH_PATHS = "$(inherited) @executable_path/Frameworks @loader_path/Frameworks";
				PRODUCT_BUNDLE_IDENTIFIER = net.banregiolabs.testButtonUITests;
				PRODUCT_NAME = "$(TARGET_NAME)";
				TEST_TARGET_NAME = testButton;
			};
			name = Release;
		};
/* End XCBuildConfiguration section */

/* Begin XCConfigurationList section */
		58C19A571DAEE74300E3C3B9 /* Build configuration list for PBXProject "testButton" */ = {
			isa = XCConfigurationList;
			buildConfigurations = (
				58C19A8A1DAEE74400E3C3B9 /* Debug */,
				58C19A8B1DAEE74400E3C3B9 /* Release */,
			);
			defaultConfigurationIsVisible = 0;
			defaultConfigurationName = Release;
		};
		58C19A8C1DAEE74400E3C3B9 /* Build configuration list for PBXNativeTarget "testButton" */ = {
			isa = XCConfigurationList;
			buildConfigurations = (
				58C19A8D1DAEE74400E3C3B9 /* Debug */,
				58C19A8E1DAEE74400E3C3B9 /* Release */,
			);
			defaultConfigurationIsVisible = 0;
		};
		58C19A8F1DAEE74400E3C3B9 /* Build configuration list for PBXNativeTarget "testButtonTests" */ = {
			isa = XCConfigurationList;
			buildConfigurations = (
				58C19A901DAEE74400E3C3B9 /* Debug */,
				58C19A911DAEE74400E3C3B9 /* Release */,
			);
			defaultConfigurationIsVisible = 0;
		};
		58C19A921DAEE74400E3C3B9 /* Build configuration list for PBXNativeTarget "testButtonUITests" */ = {
			isa = XCConfigurationList;
			buildConfigurations = (
				58C19A931DAEE74400E3C3B9 /* Debug */,
				58C19A941DAEE74400E3C3B9 /* Release */,
			);
			defaultConfigurationIsVisible = 0;
		};
/* End XCConfigurationList section */

/* Begin XCVersionGroup section */
		58C19A6B1DAEE74400E3C3B9 /* testButton.xcdatamodeld */ = {
			isa = XCVersionGroup;
			children = (
				58C19A6C1DAEE74400E3C3B9 /* testButton.xcdatamodel */,
			);
			currentVersion = 58C19A6C1DAEE74400E3C3B9 /* testButton.xcdatamodel */;
			path = testButton.xcdatamodeld;
			sourceTree = "<group>";
			versionGroupType = wrapper.xcdatamodel;
		};
/* End XCVersionGroup section */
	};
	rootObject = 58C19A541DAEE74300E3C3B9 /* Project object */;
}
